
Microsoft Visual Studio Solution File, Format Version 12.00
# Visual Studio Version 16
VisualStudioVersion = 16.0.29021.104
MinimumVisualStudioVersion = 10.0.40219.1
Project("{2150E333-8FDC-42A3-9474-1A3956D46DE8}") = "Solution Items", "Solution Items", "{8B874640-F9AD-4E61-9D70-2E7A3A3AF3E0}"
	ProjectSection(SolutionItems) = preProject
		backlog.md = backlog.md
		change-log.md = change-log.md
		.github\workflows\dotnetcore.yml = .github\workflows\dotnetcore.yml
		Form-DemoBox.png = Form-DemoBox.png
		Form-Permissions.png = Form-Permissions.png
		Form-Person.png = Form-Person.png
		make-nuget.ps1 = make-nuget.ps1
		make.bat = make.bat
		ProgressBar\progress.png = ProgressBar\progress.png
		push-nuget.ps1 = push-nuget.ps1
		push.bat = push.bat
		readme-sample-parallel.md = readme-sample-parallel.md
		README.md = README.md
		test-data.md = test-data.md
	EndProjectSection
EndProject
Project("{9A19103F-16F7-4668-BE54-9A1E7A4F7556}") = "Konsole", "Konsole\Konsole.csproj", "{90808A57-0462-4D92-94F8-DA95B7931895}"
EndProject
Project("{FAE04EC0-301F-11D3-BF4B-00C04F79EFBC}") = "Konsole.Sample", "Konsole.Sample\Konsole.Sample.csproj", "{E634519F-A91A-478E-BAF4-E268E135B01C}"
EndProject
Project("{FAE04EC0-301F-11D3-BF4B-00C04F79EFBC}") = "Konsole.Tests", "Konsole.Tests\Konsole.Tests.csproj", "{E01C01FC-011F-4D5C-A56D-D9692EB3DAD5}"
EndProject
Project("{FAE04EC0-301F-11D3-BF4B-00C04F79EFBC}") = "Konsole.Tests.Slow", "Konsole.Tests.Slow\Konsole.Tests.Slow.csproj", "{3A960654-81F6-465B-8A06-EB0A9BC36A6B}"
EndProject
Project("{2150E333-8FDC-42A3-9474-1A3956D46DE8}") = "Konsole.PackageTests", "Konsole.PackageTests", "{7577C893-0462-4355-8948-C4788B9FB3FB}"
EndProject
Project("{FAE04EC0-301F-11D3-BF4B-00C04F79EFBC}") = "TestPackage.V2.0.1", "Konsole.NugetPackage.Tests\TestPackage.V2.0.1\TestPackage.V2.0.1.csproj", "{4953B093-5CA7-49FD-B9B0-A15A65D637DF}"
EndProject
Project("{FAE04EC0-301F-11D3-BF4B-00C04F79EFBC}") = "TestPackage.V2.0.2", "Konsole.NugetPackage.Tests\TestPackage.V2.0.2\TestPackage.V2.0.2.csproj", "{183A1F8D-0F01-4A82-94A3-1D8C5BD6D7CF}"
EndProject
Project("{FAE04EC0-301F-11D3-BF4B-00C04F79EFBC}") = "TestPackage.V3.2.1", "Konsole.NugetPackage.Tests\TestPackage.V3.2.1\TestPackage.V3.2.1.csproj", "{6FB92196-784E-41E6-ABF9-4EAD633EC090}"
EndProject
Project("{FAE04EC0-301F-11D3-BF4B-00C04F79EFBC}") = "TestPackage.V2.0.0", "Konsole.NugetPackage.Tests\TestPackage.V2.0.0\TestPackage.V2.0.0.csproj", "{56524031-028B-41D9-8FA7-3F7FE1DDD03D}"
EndProject
Project("{9A19103F-16F7-4668-BE54-9A1E7A4F7556}") = "TestPackage.V3.4.0", "Konsole.NugetPackage.Tests\TestPackage.V3.4.0\TestPackage.V3.4.0.csproj", "{E545CABC-D736-4E97-82AD-93B533542587}"
EndProject
Project("{2150E333-8FDC-42A3-9474-1A3956D46DE8}") = "github", "github", "{3E36C627-2622-49ED-B160-C7AF64EA4108}"
	ProjectSection(SolutionItems) = preProject
		.github\workflows\dotnetcore.yml = .github\workflows\dotnetcore.yml
	EndProjectSection
EndProject
Global
	GlobalSection(SolutionConfigurationPlatforms) = preSolution
		Debug|Any CPU = Debug|Any CPU
		Release|Any CPU = Release|Any CPU
	EndGlobalSection
	GlobalSection(ProjectConfigurationPlatforms) = postSolution
		{90808A57-0462-4D92-94F8-DA95B7931895}.Debug|Any CPU.ActiveCfg = Debug|Any CPU
		{90808A57-0462-4D92-94F8-DA95B7931895}.Debug|Any CPU.Build.0 = Debug|Any CPU
		{90808A57-0462-4D92-94F8-DA95B7931895}.Release|Any CPU.ActiveCfg = Release|Any CPU
		{90808A57-0462-4D92-94F8-DA95B7931895}.Release|Any CPU.Build.0 = Release|Any CPU
		{E634519F-A91A-478E-BAF4-E268E135B01C}.Debug|Any CPU.ActiveCfg = Debug|Any CPU
		{E634519F-A91A-478E-BAF4-E268E135B01C}.Debug|Any CPU.Build.0 = Debug|Any CPU
		{E634519F-A91A-478E-BAF4-E268E135B01C}.Release|Any CPU.ActiveCfg = Release|Any CPU
		{E634519F-A91A-478E-BAF4-E268E135B01C}.Release|Any CPU.Build.0 = Release|Any CPU
		{E01C01FC-011F-4D5C-A56D-D9692EB3DAD5}.Debug|Any CPU.ActiveCfg = Debug|Any CPU
		{E01C01FC-011F-4D5C-A56D-D9692EB3DAD5}.Debug|Any CPU.Build.0 = Debug|Any CPU
		{E01C01FC-011F-4D5C-A56D-D9692EB3DAD5}.Release|Any CPU.ActiveCfg = Release|Any CPU
		{E01C01FC-011F-4D5C-A56D-D9692EB3DAD5}.Release|Any CPU.Build.0 = Release|Any CPU
		{3A960654-81F6-465B-8A06-EB0A9BC36A6B}.Debug|Any CPU.ActiveCfg = Debug|Any CPU
		{3A960654-81F6-465B-8A06-EB0A9BC36A6B}.Debug|Any CPU.Build.0 = Debug|Any CPU
		{3A960654-81F6-465B-8A06-EB0A9BC36A6B}.Release|Any CPU.ActiveCfg = Release|Any CPU
		{3A960654-81F6-465B-8A06-EB0A9BC36A6B}.Release|Any CPU.Build.0 = Release|Any CPU
		{4953B093-5CA7-49FD-B9B0-A15A65D637DF}.Debug|Any CPU.ActiveCfg = Debug|Any CPU
		{4953B093-5CA7-49FD-B9B0-A15A65D637DF}.Debug|Any CPU.Build.0 = Debug|Any CPU
		{4953B093-5CA7-49FD-B9B0-A15A65D637DF}.Release|Any CPU.ActiveCfg = Release|Any CPU
		{4953B093-5CA7-49FD-B9B0-A15A65D637DF}.Release|Any CPU.Build.0 = Release|Any CPU
		{183A1F8D-0F01-4A82-94A3-1D8C5BD6D7CF}.Debug|Any CPU.ActiveCfg = Debug|Any CPU
		{183A1F8D-0F01-4A82-94A3-1D8C5BD6D7CF}.Debug|Any CPU.Build.0 = Debug|Any CPU
		{183A1F8D-0F01-4A82-94A3-1D8C5BD6D7CF}.Release|Any CPU.ActiveCfg = Release|Any CPU
		{183A1F8D-0F01-4A82-94A3-1D8C5BD6D7CF}.Release|Any CPU.Build.0 = Release|Any CPU
		{6FB92196-784E-41E6-ABF9-4EAD633EC090}.Debug|Any CPU.ActiveCfg = Debug|Any CPU
		{6FB92196-784E-41E6-ABF9-4EAD633EC090}.Debug|Any CPU.Build.0 = Debug|Any CPU
		{6FB92196-784E-41E6-ABF9-4EAD633EC090}.Release|Any CPU.ActiveCfg = Release|Any CPU
		{6FB92196-784E-41E6-ABF9-4EAD633EC090}.Release|Any CPU.Build.0 = Release|Any CPU
		{56524031-028B-41D9-8FA7-3F7FE1DDD03D}.Debug|Any CPU.ActiveCfg = Debug|Any CPU
		{56524031-028B-41D9-8FA7-3F7FE1DDD03D}.Debug|Any CPU.Build.0 = Debug|Any CPU
		{56524031-028B-41D9-8FA7-3F7FE1DDD03D}.Release|Any CPU.ActiveCfg = Release|Any CPU
		{56524031-028B-41D9-8FA7-3F7FE1DDD03D}.Release|Any CPU.Build.0 = Release|Any CPU
		{E545CABC-D736-4E97-82AD-93B533542587}.Debug|Any CPU.ActiveCfg = Debug|Any CPU
		{E545CABC-D736-4E97-82AD-93B533542587}.Debug|Any CPU.Build.0 = Debug|Any CPU
		{E545CABC-D736-4E97-82AD-93B533542587}.Release|Any CPU.ActiveCfg = Release|Any CPU
		{E545CABC-D736-4E97-82AD-93B533542587}.Release|Any CPU.Build.0 = Release|Any CPU
	EndGlobalSection
	GlobalSection(SolutionProperties) = preSolution
		HideSolutionNode = FALSE
	EndGlobalSection
	GlobalSection(NestedProjects) = preSolution
		{4953B093-5CA7-49FD-B9B0-A15A65D637DF} = {7577C893-0462-4355-8948-C4788B9FB3FB}
		{183A1F8D-0F01-4A82-94A3-1D8C5BD6D7CF} = {7577C893-0462-4355-8948-C4788B9FB3FB}
		{6FB92196-784E-41E6-ABF9-4EAD633EC090} = {7577C893-0462-4355-8948-C4788B9FB3FB}
		{56524031-028B-41D9-8FA7-3F7FE1DDD03D} = {7577C893-0462-4355-8948-C4788B9FB3FB}
		{E545CABC-D736-4E97-82AD-93B533542587} = {7577C893-0462-4355-8948-C4788B9FB3FB}
		{3E36C627-2622-49ED-B160-C7AF64EA4108} = {8B874640-F9AD-4E61-9D70-2E7A3A3AF3E0}
	EndGlobalSection
	GlobalSection(ExtensibilityGlobals) = postSolution
		SolutionGuid = {6F756B7F-9719-4C0C-A0EF-74FCB81FAA9D}
	EndGlobalSection
EndGlobal
