
Microsoft Visual Studio Solution File, Format Version 12.00
# Visual Studio 15
VisualStudioVersion = 15.0.26730.16
MinimumVisualStudioVersion = 10.0.40219.1
Project("{2150E333-8FDC-42A3-9474-1A3956D46DE8}") = "Solution Items", "Solution Items", "{8B874640-F9AD-4E61-9D70-2E7A3A3AF3E0}"
	ProjectSection(SolutionItems) = preProject
		backlog.md = backlog.md
		change-log.md = change-log.md
		Form-DemoBox.png = Form-DemoBox.png
		Form-Permissions.png = Form-Permissions.png
		Form-Person.png = Form-Person.png
		make-nuget.ps1 = make-nuget.ps1
		make.bat = make.bat
		ProgressBar\progress.png = ProgressBar\progress.png
		push-nuget.ps1 = push-nuget.ps1
		push.bat = push.bat
		readme-sample-parallel.md = readme-sample-parallel.md
		README.md = README.md
		test-data.md = test-data.md
	EndProjectSection
EndProject
Project("{FAE04EC0-301F-11D3-BF4B-00C04F79EFBC}") = "Konsole", "Konsole\Konsole.csproj", "{90808A57-0462-4D92-94F8-DA95B7931895}"
EndProject
Project("{FAE04EC0-301F-11D3-BF4B-00C04F79EFBC}") = "Konsole.Sample", "Konsole.Sample\Konsole.Sample.csproj", "{E634519F-A91A-478E-BAF4-E268E135B01C}"
EndProject
Project("{FAE04EC0-301F-11D3-BF4B-00C04F79EFBC}") = "Konsole.Tests", "Konsole.Tests\Konsole.Tests.csproj", "{E01C01FC-011F-4D5C-A56D-D9692EB3DAD5}"
EndProject
Project("{FAE04EC0-301F-11D3-BF4B-00C04F79EFBC}") = "Konsole.Tests.Slow", "Konsole.Tests.Slow\Konsole.Tests.Slow.csproj", "{3A960654-81F6-465B-8A06-EB0A9BC36A6B}"
EndProject
Project("{2150E333-8FDC-42A3-9474-1A3956D46DE8}") = "Konsole.PackageTests", "Konsole.PackageTests", "{7577C893-0462-4355-8948-C4788B9FB3FB}"
EndProject
Project("{FAE04EC0-301F-11D3-BF4B-00C04F79EFBC}") = "TestPackage", "Konsole.NugetPackage.Tests\TestPackage.V0.0.2\TestPackage.csproj", "{6BB369A1-0457-4F45-86B7-D1E4AF90EB64}"
EndProject
Project("{FAE04EC0-301F-11D3-BF4B-00C04F79EFBC}") = "TestPackage.V2", "Konsole.NugetPackage.Tests\TestPackage.V2\TestPackage.V2.csproj", "{0C717BEC-8330-43D2-818D-C648C983177E}"
EndProject
Project("{FAE04EC0-301F-11D3-BF4B-00C04F79EFBC}") = "TestPackage.V2.0.1", "Konsole.NugetPackage.Tests\TestPackage.V2.0.1\TestPackage.V2.0.1.csproj", "{4953B093-5CA7-49FD-B9B0-A15A65D637DF}"
EndProject
Project("{FAE04EC0-301F-11D3-BF4B-00C04F79EFBC}") = "TestPackage.V2.0.2", "Konsole.NugetPackage.Tests\TestPackage.V2.0.2\TestPackage.V2.0.2.csproj", "{183A1F8D-0F01-4A82-94A3-1D8C5BD6D7CF}"
EndProject
Project("{FAE04EC0-301F-11D3-BF4B-00C04F79EFBC}") = "TestPackage.V3.0.0", "Konsole.NugetPackage.Tests\TestPackage.V3.0.0\TestPackage.V3.0.0.csproj", "{F2598931-102B-40A2-84F1-A0979F1328E6}"
EndProject
Project("{FAE04EC0-301F-11D3-BF4B-00C04F79EFBC}") = "TestPackage.V3.1.0", "TestPackage.V3.1.0\TestPackage.V3.1.0.csproj", "{BF772C96-B1B8-4174-AB5F-8D77BE57FD1A}"
EndProject
Global
	GlobalSection(SolutionConfigurationPlatforms) = preSolution
		Debug|Any CPU = Debug|Any CPU
		Release|Any CPU = Release|Any CPU
	EndGlobalSection
	GlobalSection(ProjectConfigurationPlatforms) = postSolution
		{90808A57-0462-4D92-94F8-DA95B7931895}.Debug|Any CPU.ActiveCfg = Debug|Any CPU
		{90808A57-0462-4D92-94F8-DA95B7931895}.Debug|Any CPU.Build.0 = Debug|Any CPU
		{90808A57-0462-4D92-94F8-DA95B7931895}.Release|Any CPU.ActiveCfg = Release|Any CPU
		{90808A57-0462-4D92-94F8-DA95B7931895}.Release|Any CPU.Build.0 = Release|Any CPU
		{E634519F-A91A-478E-BAF4-E268E135B01C}.Debug|Any CPU.ActiveCfg = Debug|Any CPU
		{E634519F-A91A-478E-BAF4-E268E135B01C}.Debug|Any CPU.Build.0 = Debug|Any CPU
		{E634519F-A91A-478E-BAF4-E268E135B01C}.Release|Any CPU.ActiveCfg = Release|Any CPU
		{E634519F-A91A-478E-BAF4-E268E135B01C}.Release|Any CPU.Build.0 = Release|Any CPU
		{E01C01FC-011F-4D5C-A56D-D9692EB3DAD5}.Debug|Any CPU.ActiveCfg = Debug|Any CPU
		{E01C01FC-011F-4D5C-A56D-D9692EB3DAD5}.Debug|Any CPU.Build.0 = Debug|Any CPU
		{E01C01FC-011F-4D5C-A56D-D9692EB3DAD5}.Release|Any CPU.ActiveCfg = Release|Any CPU
		{E01C01FC-011F-4D5C-A56D-D9692EB3DAD5}.Release|Any CPU.Build.0 = Release|Any CPU
		{3A960654-81F6-465B-8A06-EB0A9BC36A6B}.Debug|Any CPU.ActiveCfg = Debug|Any CPU
		{3A960654-81F6-465B-8A06-EB0A9BC36A6B}.Debug|Any CPU.Build.0 = Debug|Any CPU
		{3A960654-81F6-465B-8A06-EB0A9BC36A6B}.Release|Any CPU.ActiveCfg = Release|Any CPU
		{3A960654-81F6-465B-8A06-EB0A9BC36A6B}.Release|Any CPU.Build.0 = Release|Any CPU
		{6BB369A1-0457-4F45-86B7-D1E4AF90EB64}.Debug|Any CPU.ActiveCfg = Debug|Any CPU
		{6BB369A1-0457-4F45-86B7-D1E4AF90EB64}.Debug|Any CPU.Build.0 = Debug|Any CPU
		{6BB369A1-0457-4F45-86B7-D1E4AF90EB64}.Release|Any CPU.ActiveCfg = Release|Any CPU
		{6BB369A1-0457-4F45-86B7-D1E4AF90EB64}.Release|Any CPU.Build.0 = Release|Any CPU
		{0C717BEC-8330-43D2-818D-C648C983177E}.Debug|Any CPU.ActiveCfg = Debug|Any CPU
		{0C717BEC-8330-43D2-818D-C648C983177E}.Debug|Any CPU.Build.0 = Debug|Any CPU
		{0C717BEC-8330-43D2-818D-C648C983177E}.Release|Any CPU.ActiveCfg = Release|Any CPU
		{0C717BEC-8330-43D2-818D-C648C983177E}.Release|Any CPU.Build.0 = Release|Any CPU
		{4953B093-5CA7-49FD-B9B0-A15A65D637DF}.Debug|Any CPU.ActiveCfg = Debug|Any CPU
		{4953B093-5CA7-49FD-B9B0-A15A65D637DF}.Debug|Any CPU.Build.0 = Debug|Any CPU
		{4953B093-5CA7-49FD-B9B0-A15A65D637DF}.Release|Any CPU.ActiveCfg = Release|Any CPU
		{4953B093-5CA7-49FD-B9B0-A15A65D637DF}.Release|Any CPU.Build.0 = Release|Any CPU
		{183A1F8D-0F01-4A82-94A3-1D8C5BD6D7CF}.Debug|Any CPU.ActiveCfg = Debug|Any CPU
		{183A1F8D-0F01-4A82-94A3-1D8C5BD6D7CF}.Debug|Any CPU.Build.0 = Debug|Any CPU
		{183A1F8D-0F01-4A82-94A3-1D8C5BD6D7CF}.Release|Any CPU.ActiveCfg = Release|Any CPU
		{183A1F8D-0F01-4A82-94A3-1D8C5BD6D7CF}.Release|Any CPU.Build.0 = Release|Any CPU
		{F2598931-102B-40A2-84F1-A0979F1328E6}.Debug|Any CPU.ActiveCfg = Debug|Any CPU
		{F2598931-102B-40A2-84F1-A0979F1328E6}.Debug|Any CPU.Build.0 = Debug|Any CPU
		{F2598931-102B-40A2-84F1-A0979F1328E6}.Release|Any CPU.ActiveCfg = Release|Any CPU
		{F2598931-102B-40A2-84F1-A0979F1328E6}.Release|Any CPU.Build.0 = Release|Any CPU
		{BF772C96-B1B8-4174-AB5F-8D77BE57FD1A}.Debug|Any CPU.ActiveCfg = Debug|Any CPU
		{BF772C96-B1B8-4174-AB5F-8D77BE57FD1A}.Debug|Any CPU.Build.0 = Debug|Any CPU
		{BF772C96-B1B8-4174-AB5F-8D77BE57FD1A}.Release|Any CPU.ActiveCfg = Release|Any CPU
		{BF772C96-B1B8-4174-AB5F-8D77BE57FD1A}.Release|Any CPU.Build.0 = Release|Any CPU
	EndGlobalSection
	GlobalSection(SolutionProperties) = preSolution
		HideSolutionNode = FALSE
	EndGlobalSection
	GlobalSection(NestedProjects) = preSolution
		{6BB369A1-0457-4F45-86B7-D1E4AF90EB64} = {7577C893-0462-4355-8948-C4788B9FB3FB}
		{0C717BEC-8330-43D2-818D-C648C983177E} = {7577C893-0462-4355-8948-C4788B9FB3FB}
		{4953B093-5CA7-49FD-B9B0-A15A65D637DF} = {7577C893-0462-4355-8948-C4788B9FB3FB}
		{183A1F8D-0F01-4A82-94A3-1D8C5BD6D7CF} = {7577C893-0462-4355-8948-C4788B9FB3FB}
		{F2598931-102B-40A2-84F1-A0979F1328E6} = {7577C893-0462-4355-8948-C4788B9FB3FB}
		{BF772C96-B1B8-4174-AB5F-8D77BE57FD1A} = {7577C893-0462-4355-8948-C4788B9FB3FB}
	EndGlobalSection
	GlobalSection(ExtensibilityGlobals) = postSolution
		SolutionGuid = {6F756B7F-9719-4C0C-A0EF-74FCB81FAA9D}
	EndGlobalSection
EndGlobal
